# This file is autogenerated, do not edit; changes may be undone by the next 'dep ensure'.


[[projects]]
  branch = "master"
  digest = "1:0a961a435eed8aec72583ba7ea3df6cd70ec10573f9565907ad8b972119cc520"
  name = "github.com/dayaftereh/discover"
  packages = [
    "server/mathf",
    "server/utils",
  ]
  pruneopts = ""
  revision = "af59c4b06224ac660efb656357782098626e2b18"

[[projects]]
  digest = "1:1d7e1867c49a6dd9856598ef7c3123604ea3daabf5b83f303ff457bcbc410b1d"
  name = "github.com/pkg/errors"
  packages = ["."]
  pruneopts = ""
  revision = "ba968bfe8b2f7e042a574c888954fccecfa385b4"
  version = "v0.8.1"

[[projects]]
  branch = "master"
  digest = "1:e37135a75bbb4a7c1e68dc42f0b53a23dd5d9ca2698ff4803f4344c98b51ee27"
  name = "gonum.org/v1/gonum"
  packages = [
    "blas",
    "blas/blas64",
    "blas/cblas128",
    "blas/gonum",
    "floats",
    "internal/asm/c128",
    "internal/asm/c64",
    "internal/asm/f32",
    "internal/asm/f64",
    "internal/cmplx64",
    "internal/math32",
    "lapack",
    "lapack/gonum",
    "lapack/lapack64",
    "mat",
  ]
  pruneopts = ""
  revision = "ced62fe5104b907b6c16cb7e575c17b2e62ceddd"

[solve-meta]
  analyzer-name = "dep"
  analyzer-version = 1
  input-imports = [
    "github.com/dayaftereh/discover/server/mathf",
    "github.com/dayaftereh/discover/server/utils",
    "gonum.org/v1/gonum/mat",
  ]
  solver-name = "gps-cdcl"
  solver-version = 1
